{
  "name": "token-contract",
  "version": "1.0.0",
  "lockfileVersion": 3,
  "requires": true,
  "packages": {
    "": {
      "version": "1.0.0",
      "license": "AGPL-version-3.0",
      "dependencies": {
        "@ton-community/func-js": "^0.4.1"
      },
      "devDependencies": {},
      "engines": {
        "node": ">= 14.0.0",
        "npm": ">= 6.0.0"
      }
    },
    "node_modules/@ton-community/func-js": {
      "version": "0.4.1",
      "resolved": "https://registry.npmjs.org/@ton-community/func-js/-/func-js-0.4.1.tgz",
      "integrity": "sha512-yXR+MQxkvFSz860QW593M1hptlFrwdgZnVShaU5WYPv9RJlr/mOmNzs95mlEMgiFmMreQqPLgRY6M9lBGdeepw==",
      "dependencies": {
        "@ton-community/func-js-bin": "0.4.1",
        "arg": "^5.0.2"
      },
      "bin": {
        "func-js": "dist/cli.js"
      }
    },
    "node_modules/@ton-community/func-js-bin": {
      "version": "0.4.1",
      "resolved": "https://registry.npmjs.org/@ton-community/func-js-bin/-/func-js-bin-0.4.1.tgz",
      "integrity": "sha512-wPqfDOPWudNLNgwQa4y8l/+de0lDtfICpQRa16/HRlY1oR5qScaLOsoF3QsXUbDO+Ps/BiXfVRa8Z8kiuKhF/w=="
    },
    "node_modules/arg": {
      "version": "5.0.2",
      "resolved": "https://registry.npmjs.org/arg/-/arg-5.0.2.tgz",
      "integrity": "sha512-PYjyFOLKQ9y57JvQ6QLo8dAgNqswh8M1RMJYdQduT6xbWSgK36P/Z/v+p888pM69jMMfS8Xd8F6I1kQ/I9HUGg=="
    }
  }
}
